
Microsoft Visual Studio Solution File, Format Version 10.00
# Visual Studio 2008
Project("{FAE04EC0-301F-11D3-BF4B-00C04F79EFBC}") = "MeetupManager.Core", "app\MeetupManager.Core\MeetupManager.Core.csproj", "{954778F9-A54F-4C79-A2F2-73109B0FF56B}"
EndProject
Project("{FAE04EC0-301F-11D3-BF4B-00C04F79EFBC}") = "MeetupManager.Tests", "app\MeetupManager.Tests\MeetupManager.Tests.csproj", "{0F9CBFCB-7E7C-4715-A003-72B3068AE4DF}"
EndProject
Project("{FAE04EC0-301F-11D3-BF4B-00C04F79EFBC}") = "MeetupManager", "app\MeetupManager\MeetupManager.csproj", "{F319A3DF-7056-4BD5-BB8F-0DF36408A0FE}"
EndProject
Project("{FAE04EC0-301F-11D3-BF4B-00C04F79EFBC}") = "MeetupManager.Data", "app\MeetupManager.Data\MeetupManager.Data.csproj", "{046EB35A-F53F-4005-AA31-A3B5B11BA79A}"
EndProject
Global
	GlobalSection(SolutionConfigurationPlatforms) = preSolution
		Debug|Any CPU = Debug|Any CPU
		Release|Any CPU = Release|Any CPU
	EndGlobalSection
	GlobalSection(ProjectConfigurationPlatforms) = postSolution
		{954778F9-A54F-4C79-A2F2-73109B0FF56B}.Debug|Any CPU.ActiveCfg = Debug|Any CPU
		{954778F9-A54F-4C79-A2F2-73109B0FF56B}.Debug|Any CPU.Build.0 = Debug|Any CPU
		{954778F9-A54F-4C79-A2F2-73109B0FF56B}.Release|Any CPU.ActiveCfg = Release|Any CPU
		{954778F9-A54F-4C79-A2F2-73109B0FF56B}.Release|Any CPU.Build.0 = Release|Any CPU
		{0F9CBFCB-7E7C-4715-A003-72B3068AE4DF}.Debug|Any CPU.ActiveCfg = Debug|Any CPU
		{0F9CBFCB-7E7C-4715-A003-72B3068AE4DF}.Debug|Any CPU.Build.0 = Debug|Any CPU
		{0F9CBFCB-7E7C-4715-A003-72B3068AE4DF}.Release|Any CPU.ActiveCfg = Release|Any CPU
		{0F9CBFCB-7E7C-4715-A003-72B3068AE4DF}.Release|Any CPU.Build.0 = Release|Any CPU
		{F319A3DF-7056-4BD5-BB8F-0DF36408A0FE}.Debug|Any CPU.ActiveCfg = Debug|Any CPU
		{F319A3DF-7056-4BD5-BB8F-0DF36408A0FE}.Debug|Any CPU.Build.0 = Debug|Any CPU
		{F319A3DF-7056-4BD5-BB8F-0DF36408A0FE}.Release|Any CPU.ActiveCfg = Release|Any CPU
		{F319A3DF-7056-4BD5-BB8F-0DF36408A0FE}.Release|Any CPU.Build.0 = Release|Any CPU
		{046EB35A-F53F-4005-AA31-A3B5B11BA79A}.Debug|Any CPU.ActiveCfg = Debug|Any CPU
		{046EB35A-F53F-4005-AA31-A3B5B11BA79A}.Debug|Any CPU.Build.0 = Debug|Any CPU
		{046EB35A-F53F-4005-AA31-A3B5B11BA79A}.Release|Any CPU.ActiveCfg = Release|Any CPU
		{046EB35A-F53F-4005-AA31-A3B5B11BA79A}.Release|Any CPU.Build.0 = Release|Any CPU
	EndGlobalSection
	GlobalSection(SolutionProperties) = preSolution
		HideSolutionNode = FALSE
	EndGlobalSection
EndGlobal
